Microsoft Visual Studio Solution File, Format Version 12.00
# Visual Studio Version 17
VisualStudioVersion = 17.5.2.0
MinimumVisualStudioVersion = 10.0.40219.1
Project("{2150E333-8FDC-42A3-9474-1A3956D46DE8}") = "backend", "backend", "{1AE8ACA6-933B-BF2A-3671-3E2EAC007D16}"
EndProject
Project("{FAE04EC0-301F-11D3-BF4B-00C04F79EFBC}") = "MovieCollection", "backend\MovieCollection\MovieCollection.csproj", "{272C22FC-B859-3F4E-CE73-8ED17D8B358C}"
EndProject
Project("{FAE04EC0-301F-11D3-BF4B-00C04F79EFBC}") = "MovieCollection.Tests", "backend\MovieCollection.Tests\MovieCollection.Tests.csproj", "{DEB755A1-5F81-906C-7D9D-BE55F28B9F7C}"
EndProject
Global
	GlobalSection(SolutionConfigurationPlatforms) = preSolution
		Debug|Any CPU = Debug|Any CPU
		Release|Any CPU = Release|Any CPU
	EndGlobalSection
	GlobalSection(ProjectConfigurationPlatforms) = postSolution
		{272C22FC-B859-3F4E-CE73-8ED17D8B358C}.Debug|Any CPU.ActiveCfg = Debug|Any CPU
		{272C22FC-B859-3F4E-CE73-8ED17D8B358C}.Debug|Any CPU.Build.0 = Debug|Any CPU
		{272C22FC-B859-3F4E-CE73-8ED17D8B358C}.Release|Any CPU.ActiveCfg = Release|Any CPU
		{272C22FC-B859-3F4E-CE73-8ED17D8B358C}.Release|Any CPU.Build.0 = Release|Any CPU
		{DEB755A1-5F81-906C-7D9D-BE55F28B9F7C}.Debug|Any CPU.ActiveCfg = Debug|Any CPU
		{DEB755A1-5F81-906C-7D9D-BE55F28B9F7C}.Debug|Any CPU.Build.0 = Debug|Any CPU
		{DEB755A1-5F81-906C-7D9D-BE55F28B9F7C}.Release|Any CPU.ActiveCfg = Release|Any CPU
		{DEB755A1-5F81-906C-7D9D-BE55F28B9F7C}.Release|Any CPU.Build.0 = Release|Any CPU
	EndGlobalSection
	GlobalSection(SolutionProperties) = preSolution
		HideSolutionNode = FALSE
	EndGlobalSection
	GlobalSection(NestedProjects) = preSolution
		{272C22FC-B859-3F4E-CE73-8ED17D8B358C} = {1AE8ACA6-933B-BF2A-3671-3E2EAC007D16}
		{DEB755A1-5F81-906C-7D9D-BE55F28B9F7C} = {1AE8ACA6-933B-BF2A-3671-3E2EAC007D16}
	EndGlobalSection
	GlobalSection(ExtensibilityGlobals) = postSolution
		SolutionGuid = {5BB0415F-C1C5-4F1D-ACF8-846863934F54}
	EndGlobalSection
EndGlobal
