
Microsoft Visual Studio Solution File, Format Version 12.00
# Visual Studio Version 17
VisualStudioVersion = 17.5.002.0
MinimumVisualStudioVersion = 10.0.40219.1
Project("{2150E333-8FDC-42A3-9474-1A3956D46DE8}") = "backend", "backend", "{32E4600C-6940-470A-8D34-B1A7C98BCCDB}"
EndProject
Project("{9A19103F-16F7-4668-BE54-9A1E7A4F7556}") = "MovieCollection", "backend\MovieCollection\MovieCollection.csproj", "{03B15DE5-D9CE-4754-80D4-3BAA7C5383D0}"
EndProject
Project("{9A19103F-16F7-4668-BE54-9A1E7A4F7556}") = "MovieCollection.Tests", "backend\MovieCollection.Tests\MovieCollection.Tests.csproj", "{4CFD385A-E16D-4B2A-B5F5-A5CE72352199}"
EndProject
Global
	GlobalSection(SolutionConfigurationPlatforms) = preSolution
		Debug|Any CPU = Debug|Any CPU
		Release|Any CPU = Release|Any CPU
	EndGlobalSection
	GlobalSection(ProjectConfigurationPlatforms) = postSolution
		{03B15DE5-D9CE-4754-80D4-3BAA7C5383D0}.Debug|Any CPU.ActiveCfg = Debug|Any CPU
		{03B15DE5-D9CE-4754-80D4-3BAA7C5383D0}.Debug|Any CPU.Build.0 = Debug|Any CPU
		{03B15DE5-D9CE-4754-80D4-3BAA7C5383D0}.Release|Any CPU.ActiveCfg = Release|Any CPU
		{03B15DE5-D9CE-4754-80D4-3BAA7C5383D0}.Release|Any CPU.Build.0 = Release|Any CPU
		{4CFD385A-E16D-4B2A-B5F5-A5CE72352199}.Debug|Any CPU.ActiveCfg = Debug|Any CPU
		{4CFD385A-E16D-4B2A-B5F5-A5CE72352199}.Debug|Any CPU.Build.0 = Debug|Any CPU
		{4CFD385A-E16D-4B2A-B5F5-A5CE72352199}.Release|Any CPU.ActiveCfg = Release|Any CPU
		{4CFD385A-E16D-4B2A-B5F5-A5CE72352199}.Release|Any CPU.Build.0 = Release|Any CPU
	EndGlobalSection
	GlobalSection(SolutionProperties) = preSolution
		HideSolutionNode = FALSE
	EndGlobalSection
	GlobalSection(NestedProjects) = preSolution
		{03B15DE5-D9CE-4754-80D4-3BAA7C5383D0} = {32E4600C-6940-470A-8D34-B1A7C98BCCDB}
		{4CFD385A-E16D-4B2A-B5F5-A5CE72352199} = {32E4600C-6940-470A-8D34-B1A7C98BCCDB}
	EndGlobalSection
	GlobalSection(ExtensibilityGlobals) = postSolution
		SolutionGuid = {64FF3632-358A-4740-B4DB-180659B866CF}
	EndGlobalSection
EndGlobal
